
Microsoft Visual Studio Solution File, Format Version 12.00
# Visual Studio Version 16
VisualStudioVersion = 16.0.31410.357
MinimumVisualStudioVersion = 10.0.40219.1
Project("{FAE04EC0-301F-11D3-BF4B-00C04F79EFBC}") = "WFControlComponent", "WFControlCompent\WFControlComponent.csproj", "{7A9C6CEB-D7C8-45E2-A610-AB119A3A229B}"
EndProject
Project("{9A19103F-16F7-4668-BE54-9A1E7A4F7556}") = "NanyUICore3.1", "NanyUI\NanyUICore3.1.csproj", "{08A6FB26-BC53-46AA-90A0-0341E1262BF8}"
EndProject
Project("{9A19103F-16F7-4668-BE54-9A1E7A4F7556}") = "WinFormsApp1", "WinFormsApp1\WinFormsApp1.csproj", "{CE2E9EEF-ACFB-4FF9-9D6D-FEA8465328CB}"
EndProject
Project("{FAE04EC0-301F-11D3-BF4B-00C04F79EFBC}") = "NanyUI", "NannyUI\NanyUI.csproj", "{B2FC5BEA-76D4-498E-B3D3-9C3149E22172}"
EndProject
Project("{2150E333-8FDC-42A3-9474-1A3956D46DE8}") = "document", "document", "{B5C62C72-9738-45C5-8EBF-C1A9FF1F8AB4}"
EndProject
Global
	GlobalSection(SolutionConfigurationPlatforms) = preSolution
		Debug|Any CPU = Debug|Any CPU
		Release|Any CPU = Release|Any CPU
	EndGlobalSection
	GlobalSection(ProjectConfigurationPlatforms) = postSolution
		{7A9C6CEB-D7C8-45E2-A610-AB119A3A229B}.Debug|Any CPU.ActiveCfg = Debug|Any CPU
		{7A9C6CEB-D7C8-45E2-A610-AB119A3A229B}.Debug|Any CPU.Build.0 = Debug|Any CPU
		{7A9C6CEB-D7C8-45E2-A610-AB119A3A229B}.Release|Any CPU.ActiveCfg = Release|Any CPU
		{7A9C6CEB-D7C8-45E2-A610-AB119A3A229B}.Release|Any CPU.Build.0 = Release|Any CPU
		{08A6FB26-BC53-46AA-90A0-0341E1262BF8}.Debug|Any CPU.ActiveCfg = Debug|Any CPU
		{08A6FB26-BC53-46AA-90A0-0341E1262BF8}.Debug|Any CPU.Build.0 = Debug|Any CPU
		{08A6FB26-BC53-46AA-90A0-0341E1262BF8}.Release|Any CPU.ActiveCfg = Release|Any CPU
		{08A6FB26-BC53-46AA-90A0-0341E1262BF8}.Release|Any CPU.Build.0 = Release|Any CPU
		{CE2E9EEF-ACFB-4FF9-9D6D-FEA8465328CB}.Debug|Any CPU.ActiveCfg = Debug|Any CPU
		{CE2E9EEF-ACFB-4FF9-9D6D-FEA8465328CB}.Debug|Any CPU.Build.0 = Debug|Any CPU
		{CE2E9EEF-ACFB-4FF9-9D6D-FEA8465328CB}.Release|Any CPU.ActiveCfg = Release|Any CPU
		{CE2E9EEF-ACFB-4FF9-9D6D-FEA8465328CB}.Release|Any CPU.Build.0 = Release|Any CPU
		{B2FC5BEA-76D4-498E-B3D3-9C3149E22172}.Debug|Any CPU.ActiveCfg = Debug|Any CPU
		{B2FC5BEA-76D4-498E-B3D3-9C3149E22172}.Debug|Any CPU.Build.0 = Debug|Any CPU
		{B2FC5BEA-76D4-498E-B3D3-9C3149E22172}.Release|Any CPU.ActiveCfg = Release|Any CPU
		{B2FC5BEA-76D4-498E-B3D3-9C3149E22172}.Release|Any CPU.Build.0 = Release|Any CPU
	EndGlobalSection
	GlobalSection(SolutionProperties) = preSolution
		HideSolutionNode = FALSE
	EndGlobalSection
	GlobalSection(ExtensibilityGlobals) = postSolution
		SolutionGuid = {BC45D2AD-2394-40DA-AE59-8A409435AF35}
	EndGlobalSection
EndGlobal
